
Microsoft Visual Studio Solution File, Format Version 12.00
# Visual Studio Version 17
VisualStudioVersion = 17.2.32526.322
MinimumVisualStudioVersion = 10.0.40219.1
Project("{9A19103F-16F7-4668-BE54-9A1E7A4F7556}") = "Emp_Payroll_ADO.NET", "Emp_Payroll_ADO.NET\Emp_Payroll_ADO.NET.csproj", "{34DBF5F3-3C56-40B4-87E2-6B262DEB68AA}"
EndProject
Project("{FAE04EC0-301F-11D3-BF4B-00C04F79EFBC}") = "Emp_Payroll_Test", "Emp_Payroll_Test\Emp_Payroll_Test.csproj", "{0E5A9D1C-9FF0-4E37-9BC0-D65E15D9F874}"
EndProject
Global
	GlobalSection(SolutionConfigurationPlatforms) = preSolution
		Debug|Any CPU = Debug|Any CPU
		Release|Any CPU = Release|Any CPU
	EndGlobalSection
	GlobalSection(ProjectConfigurationPlatforms) = postSolution
		{34DBF5F3-3C56-40B4-87E2-6B262DEB68AA}.Debug|Any CPU.ActiveCfg = Debug|Any CPU
		{34DBF5F3-3C56-40B4-87E2-6B262DEB68AA}.Debug|Any CPU.Build.0 = Debug|Any CPU
		{34DBF5F3-3C56-40B4-87E2-6B262DEB68AA}.Release|Any CPU.ActiveCfg = Release|Any CPU
		{34DBF5F3-3C56-40B4-87E2-6B262DEB68AA}.Release|Any CPU.Build.0 = Release|Any CPU
		{0E5A9D1C-9FF0-4E37-9BC0-D65E15D9F874}.Debug|Any CPU.ActiveCfg = Debug|Any CPU
		{0E5A9D1C-9FF0-4E37-9BC0-D65E15D9F874}.Debug|Any CPU.Build.0 = Debug|Any CPU
		{0E5A9D1C-9FF0-4E37-9BC0-D65E15D9F874}.Release|Any CPU.ActiveCfg = Release|Any CPU
		{0E5A9D1C-9FF0-4E37-9BC0-D65E15D9F874}.Release|Any CPU.Build.0 = Release|Any CPU
	EndGlobalSection
	GlobalSection(SolutionProperties) = preSolution
		HideSolutionNode = FALSE
	EndGlobalSection
	GlobalSection(ExtensibilityGlobals) = postSolution
		SolutionGuid = {562D23E7-5B80-466F-934A-A5D0D9ED3F50}
	EndGlobalSection
EndGlobal
